// !$*UTF8*$!
{
	archiveVersion = 1;
	classes = {
	};
	objectVersion = 77;
	objects = {

/* Begin PBXBuildFile section */
		058C69292F9D572F003ECA74 /* GRDB in Frameworks */ = {isa = PBXBuildFile; productRef = 058C69282F9D572F003ECA74 /* GRDB */; };
		05EFBC6B2F9A5E0C00C201F8 /* Resolver in Frameworks */ = {isa = PBXBuildFile; productRef = 05EFBC6A2F9A5E0C00C201F8 /* Resolver */; };
		05EFBC6F2F9A5E2300C201F8 /* Resolver in Frameworks */ = {isa = PBXBuildFile; productRef = 05EFBC6E2F9A5E2300C201F8 /* Resolver */; };
		05EFBC722F9A5E4800C201F8 /* Kingfisher in Frameworks */ = {isa = PBXBuildFile; productRef = 05EFBC712F9A5E4800C201F8 /* Kingfisher */; };
/* End PBXBuildFile section */

/* Begin PBXContainerItemProxy section */
		05EFBB972F9A203300C201F8 /* PBXContainerItemProxy */ = {
			isa = PBXContainerItemProxy;
			containerPortal = 05EFBB812F9A203200C201F8 /* Project object */;
			proxyType = 1;
			remoteGlobalIDString = 05EFBB882F9A203200C201F8;
			remoteInfo = swiftapp;
		};
		05EFBBA12F9A203300C201F8 /* PBXContainerItemProxy */ = {
			isa = PBXContainerItemProxy;
			containerPortal = 05EFBB812F9A203200C201F8 /* Project object */;
			proxyType = 1;
			remoteGlobalIDString = 05EFBB882F9A203200C201F8;
			remoteInfo = swiftapp;
		};
/* End PBXContainerItemProxy section */

/* Begin PBXFileReference section */
		05EFBB892F9A203200C201F8 /* FormFeature.app */ = {isa = PBXFileReference; explicitFileType = wrapper.application; includeInIndex = 0; path = FormFeature.app; sourceTree = BUILT_PRODUCTS_DIR; };
		05EFBB962F9A203300C201F8 /* swiftappTests.xctest */ = {isa = PBXFileReference; explicitFileType = wrapper.cfbundle; includeInIndex = 0; path = swiftappTests.xctest; sourceTree = BUILT_PRODUCTS_DIR; };
		05EFBBA02F9A203300C201F8 /* swiftappUITests.xctest */ = {isa = PBXFileReference; explicitFileType = wrapper.cfbundle; includeInIndex = 0; path = swiftappUITests.xctest; sourceTree = BUILT_PRODUCTS_DIR; };
		05EFBBC82F9A24EC00C201F8 /* ListFeature.app */ = {isa = PBXFileReference; explicitFileType = wrapper.application; includeInIndex = 0; path = ListFeature.app; sourceTree = BUILT_PRODUCTS_DIR; };
/* End PBXFileReference section */

/* Begin PBXFileSystemSynchronizedBuildFileExceptionSet section */
		05EFBBC92F9A24EC00C201F8 /* Exceptions for "swiftapp" folder in "ListFeature" target */ = {
			isa = PBXFileSystemSynchronizedBuildFileExceptionSet;
			membershipExceptions = (
				Assets.xcassets,
				Core/DependencyInjection/FormFeatureDependencies.swift,
				FormModule/Domain/FormInteractor.swift,
				FormModule/Domain/FormValidators.swift,
				FormModule/Domain/Models/FormSubmission.swift,
				FormModule/Domain/Models/Rating.swift,
				FormModule/Domain/ValidationError.swift,
				FormModule/Main.swift,
				FormModule/Presentation/FormViewModel.swift,
				"FormModule/Presentation/Mappers/ValidationError+Message.swift",
				FormModule/Presentation/Views/DeliverySection.swift,
				FormModule/Presentation/Views/FieldErrorLabel.swift,
				FormModule/Presentation/Views/FloatingLabelTextField.swift,
				FormModule/Presentation/Views/FormActionsBar.swift,
				FormModule/Presentation/Views/FormView.swift,
				FormModule/Presentation/Views/PromoSection.swift,
				FormModule/Presentation/Views/RatingSection.swift,
				FormModule/Presentation/Views/UserDetailsSection.swift,
			);
			target = 05EFBBC12F9A24EC00C201F8 /* ListFeature */;
		};
		05EFBBCB2F9A24FF00C201F8 /* Exceptions for "swiftapp" folder in "FormFeature" target */ = {
			isa = PBXFileSystemSynchronizedBuildFileExceptionSet;
			membershipExceptions = (
				Core/DependencyInjection/ListFeatureDependencies.swift,
				ProductListModule/Detail/Presentation/Views/ProductDetailView.swift,
				ProductListModule/Detail/Presentation/Views/StretchHeaderImage.swift,
				ProductListModule/List/Presentation/Views/ProductListView.swift,
				ProductListModule/List/Presentation/Views/ProductRow.swift,
				ProductListModule/Main.swift,
			);
			target = 05EFBB882F9A203200C201F8 /* FormFeature */;
		};
/* End PBXFileSystemSynchronizedBuildFileExceptionSet section */

/* Begin PBXFileSystemSynchronizedRootGroup section */
		05EFBB8B2F9A203200C201F8 /* swiftapp */ = {
			isa = PBXFileSystemSynchronizedRootGroup;
			exceptions = (
				05EFBBCB2F9A24FF00C201F8 /* Exceptions for "swiftapp" folder in "FormFeature" target */,
				05EFBBC92F9A24EC00C201F8 /* Exceptions for "swiftapp" folder in "ListFeature" target */,
			);
			path = swiftapp;
			sourceTree = "<group>";
		};
		05EFBB992F9A203300C201F8 /* swiftappTests */ = {
			isa = PBXFileSystemSynchronizedRootGroup;
			path = swiftappTests;
			sourceTree = "<group>";
		};
		05EFBBA32F9A203300C201F8 /* swiftappUITests */ = {
			isa = PBXFileSystemSynchronizedRootGroup;
			path = swiftappUITests;
			sourceTree = "<group>";
		};
/* End PBXFileSystemSynchronizedRootGroup section */

/* Begin PBXFrameworksBuildPhase section */
		05EFBB862F9A203200C201F8 /* Frameworks */ = {
			isa = PBXFrameworksBuildPhase;
			buildActionMask = 2147483647;
			files = (
				05EFBC6B2F9A5E0C00C201F8 /* Resolver in Frameworks */,
			);
			runOnlyForDeploymentPostprocessing = 0;
		};
		05EFBB932F9A203300C201F8 /* Frameworks */ = {
			isa = PBXFrameworksBuildPhase;
			buildActionMask = 2147483647;
			files = (
			);
			runOnlyForDeploymentPostprocessing = 0;
		};
		05EFBB9D2F9A203300C201F8 /* Frameworks */ = {
			isa = PBXFrameworksBuildPhase;
			buildActionMask = 2147483647;
			files = (
			);
			runOnlyForDeploymentPostprocessing = 0;
		};
		05EFBBC32F9A24EC00C201F8 /* Frameworks */ = {
			isa = PBXFrameworksBuildPhase;
			buildActionMask = 2147483647;
			files = (
				058C69292F9D572F003ECA74 /* GRDB in Frameworks */,
				05EFBC722F9A5E4800C201F8 /* Kingfisher in Frameworks */,
				05EFBC6F2F9A5E2300C201F8 /* Resolver in Frameworks */,
			);
			runOnlyForDeploymentPostprocessing = 0;
		};
/* End PBXFrameworksBuildPhase section */

/* Begin PBXGroup section */
		05EFBB802F9A203200C201F8 = {
			isa = PBXGroup;
			children = (
				05EFBB8B2F9A203200C201F8 /* swiftapp */,
				05EFBB992F9A203300C201F8 /* swiftappTests */,
				05EFBBA32F9A203300C201F8 /* swiftappUITests */,
				05EFBC692F9A5E0C00C201F8 /* Frameworks */,
				05EFBB8A2F9A203200C201F8 /* Products */,
			);
			sourceTree = "<group>";
		};
		05EFBB8A2F9A203200C201F8 /* Products */ = {
			isa = PBXGroup;
			children = (
				05EFBB892F9A203200C201F8 /* FormFeature.app */,
				05EFBB962F9A203300C201F8 /* swiftappTests.xctest */,
				05EFBBA02F9A203300C201F8 /* swiftappUITests.xctest */,
				05EFBBC82F9A24EC00C201F8 /* ListFeature.app */,
			);
			name = Products;
			sourceTree = "<group>";
		};
		05EFBC692F9A5E0C00C201F8 /* Frameworks */ = {
			isa = PBXGroup;
			children = (
			);
			name = Frameworks;
			sourceTree = "<group>";
		};
/* End PBXGroup section */

/* Begin PBXNativeTarget section */
		05EFBB882F9A203200C201F8 /* FormFeature */ = {
			isa = PBXNativeTarget;
			buildConfigurationList = 05EFBBAA2F9A203400C201F8 /* Build configuration list for PBXNativeTarget "FormFeature" */;
			buildPhases = (
				05EFBB852F9A203200C201F8 /* Sources */,
				05EFBB862F9A203200C201F8 /* Frameworks */,
				05EFBB872F9A203200C201F8 /* Resources */,
			);
			buildRules = (
			);
			dependencies = (
			);
			fileSystemSynchronizedGroups = (
				05EFBB8B2F9A203200C201F8 /* swiftapp */,
			);
			name = FormFeature;
			packageProductDependencies = (
				05EFBC6A2F9A5E0C00C201F8 /* Resolver */,
			);
			productName = swiftapp;
			productReference = 05EFBB892F9A203200C201F8 /* FormFeature.app */;
			productType = "com.apple.product-type.application";
		};
		05EFBB952F9A203300C201F8 /* swiftappTests */ = {
			isa = PBXNativeTarget;
			buildConfigurationList = 05EFBBAD2F9A203400C201F8 /* Build configuration list for PBXNativeTarget "swiftappTests" */;
			buildPhases = (
				05EFBB922F9A203300C201F8 /* Sources */,
				05EFBB932F9A203300C201F8 /* Frameworks */,
				05EFBB942F9A203300C201F8 /* Resources */,
			);
			buildRules = (
			);
			dependencies = (
				05EFBB982F9A203300C201F8 /* PBXTargetDependency */,
			);
			fileSystemSynchronizedGroups = (
				05EFBB992F9A203300C201F8 /* swiftappTests */,
			);
			name = swiftappTests;
			packageProductDependencies = (
			);
			productName = swiftappTests;
			productReference = 05EFBB962F9A203300C201F8 /* swiftappTests.xctest */;
			productType = "com.apple.product-type.bundle.unit-test";
		};
		05EFBB9F2F9A203300C201F8 /* swiftappUITests */ = {
			isa = PBXNativeTarget;
			buildConfigurationList = 05EFBBB02F9A203400C201F8 /* Build configuration list for PBXNativeTarget "swiftappUITests" */;
			buildPhases = (
				05EFBB9C2F9A203300C201F8 /* Sources */,
				05EFBB9D2F9A203300C201F8 /* Frameworks */,
				05EFBB9E2F9A203300C201F8 /* Resources */,
			);
			buildRules = (
			);
			dependencies = (
				05EFBBA22F9A203300C201F8 /* PBXTargetDependency */,
			);
			fileSystemSynchronizedGroups = (
				05EFBBA32F9A203300C201F8 /* swiftappUITests */,
			);
			name = swiftappUITests;
			packageProductDependencies = (
			);
			productName = swiftappUITests;
			productReference = 05EFBBA02F9A203300C201F8 /* swiftappUITests.xctest */;
			productType = "com.apple.product-type.bundle.ui-testing";
		};
		05EFBBC12F9A24EC00C201F8 /* ListFeature */ = {
			isa = PBXNativeTarget;
			buildConfigurationList = 05EFBBC52F9A24EC00C201F8 /* Build configuration list for PBXNativeTarget "ListFeature" */;
			buildPhases = (
				05EFBBC22F9A24EC00C201F8 /* Sources */,
				05EFBBC32F9A24EC00C201F8 /* Frameworks */,
				05EFBBC42F9A24EC00C201F8 /* Resources */,
			);
			buildRules = (
			);
			dependencies = (
			);
			fileSystemSynchronizedGroups = (
				05EFBB8B2F9A203200C201F8 /* swiftapp */,
			);
			name = ListFeature;
			packageProductDependencies = (
				05EFBC6E2F9A5E2300C201F8 /* Resolver */,
				05EFBC712F9A5E4800C201F8 /* Kingfisher */,
				058C69282F9D572F003ECA74 /* GRDB */,
			);
			productName = swiftapp;
			productReference = 05EFBBC82F9A24EC00C201F8 /* ListFeature.app */;
			productType = "com.apple.product-type.application";
		};
/* End PBXNativeTarget section */

/* Begin PBXProject section */
		05EFBB812F9A203200C201F8 /* Project object */ = {
			isa = PBXProject;
			attributes = {
				BuildIndependentTargetsInParallel = 1;
				LastSwiftUpdateCheck = 2630;
				LastUpgradeCheck = 2630;
				TargetAttributes = {
					05EFBB882F9A203200C201F8 = {
						CreatedOnToolsVersion = 26.3;
					};
					05EFBB952F9A203300C201F8 = {
						CreatedOnToolsVersion = 26.3;
						TestTargetID = 05EFBB882F9A203200C201F8;
					};
					05EFBB9F2F9A203300C201F8 = {
						CreatedOnToolsVersion = 26.3;
						TestTargetID = 05EFBB882F9A203200C201F8;
					};
				};
			};
			buildConfigurationList = 05EFBB842F9A203200C201F8 /* Build configuration list for PBXProject "swiftapp" */;
			developmentRegion = en;
			hasScannedForEncodings = 0;
			knownRegions = (
				en,
				Base,
			);
			mainGroup = 05EFBB802F9A203200C201F8;
			minimizedProjectReferenceProxies = 1;
			packageReferences = (
				05EFBC382F9A50EB00C201F8 /* XCRemoteSwiftPackageReference "Resolver" */,
				05EFBC702F9A5E4000C201F8 /* XCRemoteSwiftPackageReference "Kingfisher" */,
				058C69212F9D4AE1003ECA74 /* XCRemoteSwiftPackageReference "GRDB" */,
			);
			preferredProjectObjectVersion = 77;
			productRefGroup = 05EFBB8A2F9A203200C201F8 /* Products */;
			projectDirPath = "";
			projectRoot = "";
			targets = (
				05EFBB882F9A203200C201F8 /* FormFeature */,
				05EFBB952F9A203300C201F8 /* swiftappTests */,
				05EFBB9F2F9A203300C201F8 /* swiftappUITests */,
				05EFBBC12F9A24EC00C201F8 /* ListFeature */,
			);
		};
/* End PBXProject section */

/* Begin PBXResourcesBuildPhase section */
		05EFBB872F9A203200C201F8 /* Resources */ = {
			isa = PBXResourcesBuildPhase;
			buildActionMask = 2147483647;
			files = (
			);
			runOnlyForDeploymentPostprocessing = 0;
		};
		05EFBB942F9A203300C201F8 /* Resources */ = {
			isa = PBXResourcesBuildPhase;
			buildActionMask = 2147483647;
			files = (
			);
			runOnlyForDeploymentPostprocessing = 0;
		};
		05EFBB9E2F9A203300C201F8 /* Resources */ = {
			isa = PBXResourcesBuildPhase;
			buildActionMask = 2147483647;
			files = (
			);
			runOnlyForDeploymentPostprocessing = 0;
		};
		05EFBBC42F9A24EC00C201F8 /* Resources */ = {
			isa = PBXResourcesBuildPhase;
			buildActionMask = 2147483647;
			files = (
			);
			runOnlyForDeploymentPostprocessing = 0;
		};
/* End PBXResourcesBuildPhase section */

/* Begin PBXSourcesBuildPhase section */
		05EFBB852F9A203200C201F8 /* Sources */ = {
			isa = PBXSourcesBuildPhase;
			buildActionMask = 2147483647;
			files = (
			);
			runOnlyForDeploymentPostprocessing = 0;
		};
		05EFBB922F9A203300C201F8 /* Sources */ = {
			isa = PBXSourcesBuildPhase;
			buildActionMask = 2147483647;
			files = (
			);
			runOnlyForDeploymentPostprocessing = 0;
		};
		05EFBB9C2F9A203300C201F8 /* Sources */ = {
			isa = PBXSourcesBuildPhase;
			buildActionMask = 2147483647;
			files = (
			);
			runOnlyForDeploymentPostprocessing = 0;
		};
		05EFBBC22F9A24EC00C201F8 /* Sources */ = {
			isa = PBXSourcesBuildPhase;
			buildActionMask = 2147483647;
			files = (
			);
			runOnlyForDeploymentPostprocessing = 0;
		};
/* End PBXSourcesBuildPhase section */

/* Begin PBXTargetDependency section */
		05EFBB982F9A203300C201F8 /* PBXTargetDependency */ = {
			isa = PBXTargetDependency;
			target = 05EFBB882F9A203200C201F8 /* FormFeature */;
			targetProxy = 05EFBB972F9A203300C201F8 /* PBXContainerItemProxy */;
		};
		05EFBBA22F9A203300C201F8 /* PBXTargetDependency */ = {
			isa = PBXTargetDependency;
			target = 05EFBB882F9A203200C201F8 /* FormFeature */;
			targetProxy = 05EFBBA12F9A203300C201F8 /* PBXContainerItemProxy */;
		};
/* End PBXTargetDependency section */

/* Begin XCBuildConfiguration section */
		05EFBBA82F9A203400C201F8 /* Debug */ = {
			isa = XCBuildConfiguration;
			buildSettings = {
				ALWAYS_SEARCH_USER_PATHS = NO;
				ASSETCATALOG_COMPILER_GENERATE_SWIFT_ASSET_SYMBOL_EXTENSIONS = YES;
				CLANG_ANALYZER_NONNULL = YES;
				CLANG_ANALYZER_NUMBER_OBJECT_CONVERSION = YES_AGGRESSIVE;
				CLANG_CXX_LANGUAGE_STANDARD = "gnu++20";
				CLANG_ENABLE_MODULES = YES;
				CLANG_ENABLE_OBJC_ARC = YES;
				CLANG_ENABLE_OBJC_WEAK = YES;
				CLANG_WARN_BLOCK_CAPTURE_AUTORELEASING = YES;
				CLANG_WARN_BOOL_CONVERSION = YES;
				CLANG_WARN_COMMA = YES;
				CLANG_WARN_CONSTANT_CONVERSION = YES;
				CLANG_WARN_DEPRECATED_OBJC_IMPLEMENTATIONS = YES;
				CLANG_WARN_DIRECT_OBJC_ISA_USAGE = YES_ERROR;
				CLANG_WARN_DOCUMENTATION_COMMENTS = YES;
				CLANG_WARN_EMPTY_BODY = YES;
				CLANG_WARN_ENUM_CONVERSION = YES;
				CLANG_WARN_INFINITE_RECURSION = YES;
				CLANG_WARN_INT_CONVERSION = YES;
				CLANG_WARN_NON_LITERAL_NULL_CONVERSION = YES;
				CLANG_WARN_OBJC_IMPLICIT_RETAIN_SELF = YES;
				CLANG_WARN_OBJC_LITERAL_CONVERSION = YES;
				CLANG_WARN_OBJC_ROOT_CLASS = YES_ERROR;
				CLANG_WARN_QUOTED_INCLUDE_IN_FRAMEWORK_HEADER = YES;
				CLANG_WARN_RANGE_LOOP_ANALYSIS = YES;
				CLANG_WARN_STRICT_PROTOTYPES = YES;
				CLANG_WARN_SUSPICIOUS_MOVE = YES;
				CLANG_WARN_UNGUARDED_AVAILABILITY = YES_AGGRESSIVE;
				CLANG_WARN_UNREACHABLE_CODE = YES;
				CLANG_WARN__DUPLICATE_METHOD_MATCH = YES;
				COPY_PHASE_STRIP = NO;
				DEBUG_INFORMATION_FORMAT = dwarf;
				DEVELOPMENT_TEAM = D54RNC6WC3;
				ENABLE_STRICT_OBJC_MSGSEND = YES;
				ENABLE_TESTABILITY = YES;
				ENABLE_USER_SCRIPT_SANDBOXING = YES;
				GCC_C_LANGUAGE_STANDARD = gnu17;
				GCC_DYNAMIC_NO_PIC = NO;
				GCC_NO_COMMON_BLOCKS = YES;
				GCC_OPTIMIZATION_LEVEL = 0;
				GCC_PREPROCESSOR_DEFINITIONS = (
					"DEBUG=1",
					"$(inherited)",
				);
				GCC_WARN_64_TO_32_BIT_CONVERSION = YES;
				GCC_WARN_ABOUT_RETURN_TYPE = YES_ERROR;
				GCC_WARN_UNDECLARED_SELECTOR = YES;
				GCC_WARN_UNINITIALIZED_AUTOS = YES_AGGRESSIVE;
				GCC_WARN_UNUSED_FUNCTION = YES;
				GCC_WARN_UNUSED_VARIABLE = YES;
				IPHONEOS_DEPLOYMENT_TARGET = 26.2;
				LOCALIZATION_PREFERS_STRING_CATALOGS = YES;
				MTL_ENABLE_DEBUG_INFO = INCLUDE_SOURCE;
				MTL_FAST_MATH = YES;
				ONLY_ACTIVE_ARCH = YES;
				SDKROOT = iphoneos;
				SWIFT_ACTIVE_COMPILATION_CONDITIONS = "DEBUG $(inherited)";
				SWIFT_DEFAULT_ACTOR_ISOLATION = MainActor;
				SWIFT_OPTIMIZATION_LEVEL = "-Onone";
				SWIFT_STRICT_CONCURRENCY = complete;
			};
			name = Debug;
		};
		05EFBBA92F9A203400C201F8 /* Release */ = {
			isa = XCBuildConfiguration;
			buildSettings = {
				ALWAYS_SEARCH_USER_PATHS = NO;
				ASSETCATALOG_COMPILER_GENERATE_SWIFT_ASSET_SYMBOL_EXTENSIONS = YES;
				CLANG_ANALYZER_NONNULL = YES;
				CLANG_ANALYZER_NUMBER_OBJECT_CONVERSION = YES_AGGRESSIVE;
				CLANG_CXX_LANGUAGE_STANDARD = "gnu++20";
				CLANG_ENABLE_MODULES = YES;
				CLANG_ENABLE_OBJC_ARC = YES;
				CLANG_ENABLE_OBJC_WEAK = YES;
				CLANG_WARN_BLOCK_CAPTURE_AUTORELEASING = YES;
				CLANG_WARN_BOOL_CONVERSION = YES;
				CLANG_WARN_COMMA = YES;
				CLANG_WARN_CONSTANT_CONVERSION = YES;
				CLANG_WARN_DEPRECATED_OBJC_IMPLEMENTATIONS = YES;
				CLANG_WARN_DIRECT_OBJC_ISA_USAGE = YES_ERROR;
				CLANG_WARN_DOCUMENTATION_COMMENTS = YES;
				CLANG_WARN_EMPTY_BODY = YES;
				CLANG_WARN_ENUM_CONVERSION = YES;
				CLANG_WARN_INFINITE_RECURSION = YES;
				CLANG_WARN_INT_CONVERSION = YES;
				CLANG_WARN_NON_LITERAL_NULL_CONVERSION = YES;
				CLANG_WARN_OBJC_IMPLICIT_RETAIN_SELF = YES;
				CLANG_WARN_OBJC_LITERAL_CONVERSION = YES;
				CLANG_WARN_OBJC_ROOT_CLASS = YES_ERROR;
				CLANG_WARN_QUOTED_INCLUDE_IN_FRAMEWORK_HEADER = YES;
				CLANG_WARN_RANGE_LOOP_ANALYSIS = YES;
				CLANG_WARN_STRICT_PROTOTYPES = YES;
				CLANG_WARN_SUSPICIOUS_MOVE = YES;
				CLANG_WARN_UNGUARDED_AVAILABILITY = YES_AGGRESSIVE;
				CLANG_WARN_UNREACHABLE_CODE = YES;
				CLANG_WARN__DUPLICATE_METHOD_MATCH = YES;
				COPY_PHASE_STRIP = NO;
				DEBUG_INFORMATION_FORMAT = "dwarf-with-dsym";
				DEVELOPMENT_TEAM = D54RNC6WC3;
				ENABLE_NS_ASSERTIONS = NO;
				ENABLE_STRICT_OBJC_MSGSEND = YES;
				ENABLE_USER_SCRIPT_SANDBOXING = YES;
				GCC_C_LANGUAGE_STANDARD = gnu17;
				GCC_NO_COMMON_BLOCKS = YES;
				GCC_WARN_64_TO_32_BIT_CONVERSION = YES;
				GCC_WARN_ABOUT_RETURN_TYPE = YES_ERROR;
				GCC_WARN_UNDECLARED_SELECTOR = YES;
				GCC_WARN_UNINITIALIZED_AUTOS = YES_AGGRESSIVE;
				GCC_WARN_UNUSED_FUNCTION = YES;
				GCC_WARN_UNUSED_VARIABLE = YES;
				IPHONEOS_DEPLOYMENT_TARGET = 26.2;
				LOCALIZATION_PREFERS_STRING_CATALOGS = YES;
				MTL_ENABLE_DEBUG_INFO = NO;
				MTL_FAST_MATH = YES;
				SDKROOT = iphoneos;
				SWIFT_COMPILATION_MODE = wholemodule;
				SWIFT_DEFAULT_ACTOR_ISOLATION = MainActor;
				SWIFT_STRICT_CONCURRENCY = complete;
				VALIDATE_PRODUCT = YES;
			};
			name = Release;
		};
		05EFBBAB2F9A203400C201F8 /* Debug */ = {
			isa = XCBuildConfiguration;
			buildSettings = {
				ASSETCATALOG_COMPILER_APPICON_NAME = AppIcon;
				ASSETCATALOG_COMPILER_GLOBAL_ACCENT_COLOR_NAME = AccentColor;
				CODE_SIGN_STYLE = Automatic;
				CURRENT_PROJECT_VERSION = 1;
				DEVELOPMENT_TEAM = D54RNC6WC3;
				ENABLE_PREVIEWS = YES;
				GENERATE_INFOPLIST_FILE = YES;
				INFOPLIST_KEY_UIApplicationSceneManifest_Generation = YES;
				INFOPLIST_KEY_UIApplicationSupportsIndirectInputEvents = YES;
				INFOPLIST_KEY_UILaunchScreen_Generation = YES;
				INFOPLIST_KEY_UISupportedInterfaceOrientations_iPad = "UIInterfaceOrientationPortrait UIInterfaceOrientationPortraitUpsideDown UIInterfaceOrientationLandscapeLeft UIInterfaceOrientationLandscapeRight";
				INFOPLIST_KEY_UISupportedInterfaceOrientations_iPhone = "UIInterfaceOrientationPortrait UIInterfaceOrientationLandscapeLeft UIInterfaceOrientationLandscapeRight";
				IPHONEOS_DEPLOYMENT_TARGET = 18;
				LD_RUNPATH_SEARCH_PATHS = (
					"$(inherited)",
					"@executable_path/Frameworks",
				);
				MARKETING_VERSION = 1.0;
				PRODUCT_BUNDLE_IDENTIFIER = org.swiftapp;
				PRODUCT_NAME = "$(TARGET_NAME)";
				STRING_CATALOG_GENERATE_SYMBOLS = YES;
				SWIFT_APPROACHABLE_CONCURRENCY = YES;
				SWIFT_DEFAULT_ACTOR_ISOLATION = MainActor;
				SWIFT_EMIT_LOC_STRINGS = YES;
				SWIFT_UPCOMING_FEATURE_MEMBER_IMPORT_VISIBILITY = YES;
				SWIFT_VERSION = 6.0;
				TARGETED_DEVICE_FAMILY = "1,2";
			};
			name = Debug;
		};
		05EFBBAC2F9A203400C201F8 /* Release */ = {
			isa = XCBuildConfiguration;
			buildSettings = {
				ASSETCATALOG_COMPILER_APPICON_NAME = AppIcon;
				ASSETCATALOG_COMPILER_GLOBAL_ACCENT_COLOR_NAME = AccentColor;
				CODE_SIGN_STYLE = Automatic;
				CURRENT_PROJECT_VERSION = 1;
				DEVELOPMENT_TEAM = D54RNC6WC3;
				ENABLE_PREVIEWS = YES;
				GENERATE_INFOPLIST_FILE = YES;
				INFOPLIST_KEY_UIApplicationSceneManifest_Generation = YES;
				INFOPLIST_KEY_UIApplicationSupportsIndirectInputEvents = YES;
				INFOPLIST_KEY_UILaunchScreen_Generation = YES;
				INFOPLIST_KEY_UISupportedInterfaceOrientations_iPad = "UIInterfaceOrientationPortrait UIInterfaceOrientationPortraitUpsideDown UIInterfaceOrientationLandscapeLeft UIInterfaceOrientationLandscapeRight";
				INFOPLIST_KEY_UISupportedInterfaceOrientations_iPhone = "UIInterfaceOrientationPortrait UIInterfaceOrientationLandscapeLeft UIInterfaceOrientationLandscapeRight";
				IPHONEOS_DEPLOYMENT_TARGET = 18;
				LD_RUNPATH_SEARCH_PATHS = (
					"$(inherited)",
					"@executable_path/Frameworks",
				);
				MARKETING_VERSION = 1.0;
				PRODUCT_BUNDLE_IDENTIFIER = org.swiftapp;
				PRODUCT_NAME = "$(TARGET_NAME)";
				STRING_CATALOG_GENERATE_SYMBOLS = YES;
				SWIFT_APPROACHABLE_CONCURRENCY = YES;
				SWIFT_DEFAULT_ACTOR_ISOLATION = MainActor;
				SWIFT_EMIT_LOC_STRINGS = YES;
				SWIFT_UPCOMING_FEATURE_MEMBER_IMPORT_VISIBILITY = YES;
				SWIFT_VERSION = 6.0;
				TARGETED_DEVICE_FAMILY = "1,2";
			};
			name = Release;
		};
		05EFBBAE2F9A203400C201F8 /* Debug */ = {
			isa = XCBuildConfiguration;
			buildSettings = {
				BUNDLE_LOADER = "$(TEST_HOST)";
				CODE_SIGN_STYLE = Automatic;
				CURRENT_PROJECT_VERSION = 1;
				DEVELOPMENT_TEAM = D54RNC6WC3;
				GENERATE_INFOPLIST_FILE = YES;
				IPHONEOS_DEPLOYMENT_TARGET = 18;
				MARKETING_VERSION = 1.0;
				PRODUCT_BUNDLE_IDENTIFIER = org.swiftappTests;
				PRODUCT_NAME = "$(TARGET_NAME)";
				STRING_CATALOG_GENERATE_SYMBOLS = NO;
				SWIFT_APPROACHABLE_CONCURRENCY = YES;
				SWIFT_EMIT_LOC_STRINGS = NO;
				SWIFT_UPCOMING_FEATURE_MEMBER_IMPORT_VISIBILITY = YES;
				SWIFT_VERSION = 5.0;
				TARGETED_DEVICE_FAMILY = "1,2";
				TEST_HOST = "$(BUILT_PRODUCTS_DIR)/swiftapp.app/$(BUNDLE_EXECUTABLE_FOLDER_PATH)/swiftapp";
			};
			name = Debug;
		};
		05EFBBAF2F9A203400C201F8 /* Release */ = {
			isa = XCBuildConfiguration;
			buildSettings = {
				BUNDLE_LOADER = "$(TEST_HOST)";
				CODE_SIGN_STYLE = Automatic;
				CURRENT_PROJECT_VERSION = 1;
				DEVELOPMENT_TEAM = D54RNC6WC3;
				GENERATE_INFOPLIST_FILE = YES;
				IPHONEOS_DEPLOYMENT_TARGET = 18;
				MARKETING_VERSION = 1.0;
				PRODUCT_BUNDLE_IDENTIFIER = org.swiftappTests;
				PRODUCT_NAME = "$(TARGET_NAME)";
				STRING_CATALOG_GENERATE_SYMBOLS = NO;
				SWIFT_APPROACHABLE_CONCURRENCY = YES;
				SWIFT_EMIT_LOC_STRINGS = NO;
				SWIFT_UPCOMING_FEATURE_MEMBER_IMPORT_VISIBILITY = YES;
				SWIFT_VERSION = 5.0;
				TARGETED_DEVICE_FAMILY = "1,2";
				TEST_HOST = "$(BUILT_PRODUCTS_DIR)/swiftapp.app/$(BUNDLE_EXECUTABLE_FOLDER_PATH)/swiftapp";
			};
			name = Release;
		};
		05EFBBB12F9A203400C201F8 /* Debug */ = {
			isa = XCBuildConfiguration;
			buildSettings = {
				CODE_SIGN_STYLE = Automatic;
				CURRENT_PROJECT_VERSION = 1;
				DEVELOPMENT_TEAM = D54RNC6WC3;
				GENERATE_INFOPLIST_FILE = YES;
				IPHONEOS_DEPLOYMENT_TARGET = 18;
				MARKETING_VERSION = 1.0;
				PRODUCT_BUNDLE_IDENTIFIER = org.swiftappUITests;
				PRODUCT_NAME = "$(TARGET_NAME)";
				STRING_CATALOG_GENERATE_SYMBOLS = NO;
				SWIFT_APPROACHABLE_CONCURRENCY = YES;
				SWIFT_EMIT_LOC_STRINGS = NO;
				SWIFT_UPCOMING_FEATURE_MEMBER_IMPORT_VISIBILITY = YES;
				SWIFT_VERSION = 5.0;
				TARGETED_DEVICE_FAMILY = "1,2";
				TEST_TARGET_NAME = swiftapp;
			};
			name = Debug;
		};
		05EFBBB22F9A203400C201F8 /* Release */ = {
			isa = XCBuildConfiguration;
			buildSettings = {
				CODE_SIGN_STYLE = Automatic;
				CURRENT_PROJECT_VERSION = 1;
				DEVELOPMENT_TEAM = D54RNC6WC3;
				GENERATE_INFOPLIST_FILE = YES;
				IPHONEOS_DEPLOYMENT_TARGET = 18;
				MARKETING_VERSION = 1.0;
				PRODUCT_BUNDLE_IDENTIFIER = org.swiftappUITests;
				PRODUCT_NAME = "$(TARGET_NAME)";
				STRING_CATALOG_GENERATE_SYMBOLS = NO;
				SWIFT_APPROACHABLE_CONCURRENCY = YES;
				SWIFT_EMIT_LOC_STRINGS = NO;
				SWIFT_UPCOMING_FEATURE_MEMBER_IMPORT_VISIBILITY = YES;
				SWIFT_VERSION = 5.0;
				TARGETED_DEVICE_FAMILY = "1,2";
				TEST_TARGET_NAME = swiftapp;
			};
			name = Release;
		};
		05EFBBC62F9A24EC00C201F8 /* Debug */ = {
			isa = XCBuildConfiguration;
			buildSettings = {
				ASSETCATALOG_COMPILER_APPICON_NAME = AppIcon;
				ASSETCATALOG_COMPILER_GLOBAL_ACCENT_COLOR_NAME = AccentColor;
				CODE_SIGN_STYLE = Automatic;
				CURRENT_PROJECT_VERSION = 1;
				DEVELOPMENT_TEAM = D54RNC6WC3;
				ENABLE_PREVIEWS = YES;
				GENERATE_INFOPLIST_FILE = YES;
				INFOPLIST_KEY_UIApplicationSceneManifest_Generation = YES;
				INFOPLIST_KEY_UIApplicationSupportsIndirectInputEvents = YES;
				INFOPLIST_KEY_UILaunchScreen_Generation = YES;
				INFOPLIST_KEY_UISupportedInterfaceOrientations_iPad = "UIInterfaceOrientationPortrait UIInterfaceOrientationPortraitUpsideDown UIInterfaceOrientationLandscapeLeft UIInterfaceOrientationLandscapeRight";
				INFOPLIST_KEY_UISupportedInterfaceOrientations_iPhone = "UIInterfaceOrientationPortrait UIInterfaceOrientationLandscapeLeft UIInterfaceOrientationLandscapeRight";
				IPHONEOS_DEPLOYMENT_TARGET = 18;
				LD_RUNPATH_SEARCH_PATHS = (
					"$(inherited)",
					"@executable_path/Frameworks",
				);
				MARKETING_VERSION = 1.0;
				PRODUCT_BUNDLE_IDENTIFIER = org.swiftapp;
				PRODUCT_NAME = "$(TARGET_NAME)";
				STRING_CATALOG_GENERATE_SYMBOLS = YES;
				SWIFT_APPROACHABLE_CONCURRENCY = YES;
				SWIFT_DEFAULT_ACTOR_ISOLATION = MainActor;
				SWIFT_EMIT_LOC_STRINGS = YES;
				SWIFT_UPCOMING_FEATURE_MEMBER_IMPORT_VISIBILITY = YES;
				SWIFT_VERSION = 6.0;
				TARGETED_DEVICE_FAMILY = "1,2";
			};
			name = Debug;
		};
		05EFBBC72F9A24EC00C201F8 /* Release */ = {
			isa = XCBuildConfiguration;
			buildSettings = {
				ASSETCATALOG_COMPILER_APPICON_NAME = AppIcon;
				ASSETCATALOG_COMPILER_GLOBAL_ACCENT_COLOR_NAME = AccentColor;
				CODE_SIGN_STYLE = Automatic;
				CURRENT_PROJECT_VERSION = 1;
				DEVELOPMENT_TEAM = D54RNC6WC3;
				ENABLE_PREVIEWS = YES;
				GENERATE_INFOPLIST_FILE = YES;
				INFOPLIST_KEY_UIApplicationSceneManifest_Generation = YES;
				INFOPLIST_KEY_UIApplicationSupportsIndirectInputEvents = YES;
				INFOPLIST_KEY_UILaunchScreen_Generation = YES;
				INFOPLIST_KEY_UISupportedInterfaceOrientations_iPad = "UIInterfaceOrientationPortrait UIInterfaceOrientationPortraitUpsideDown UIInterfaceOrientationLandscapeLeft UIInterfaceOrientationLandscapeRight";
				INFOPLIST_KEY_UISupportedInterfaceOrientations_iPhone = "UIInterfaceOrientationPortrait UIInterfaceOrientationLandscapeLeft UIInterfaceOrientationLandscapeRight";
				IPHONEOS_DEPLOYMENT_TARGET = 18;
				LD_RUNPATH_SEARCH_PATHS = (
					"$(inherited)",
					"@executable_path/Frameworks",
				);
				MARKETING_VERSION = 1.0;
				PRODUCT_BUNDLE_IDENTIFIER = org.swiftapp;
				PRODUCT_NAME = "$(TARGET_NAME)";
				STRING_CATALOG_GENERATE_SYMBOLS = YES;
				SWIFT_APPROACHABLE_CONCURRENCY = YES;
				SWIFT_DEFAULT_ACTOR_ISOLATION = MainActor;
				SWIFT_EMIT_LOC_STRINGS = YES;
				SWIFT_UPCOMING_FEATURE_MEMBER_IMPORT_VISIBILITY = YES;
				SWIFT_VERSION = 6.0;
				TARGETED_DEVICE_FAMILY = "1,2";
			};
			name = Release;
		};
/* End XCBuildConfiguration section */

/* Begin XCConfigurationList section */
		05EFBB842F9A203200C201F8 /* Build configuration list for PBXProject "swiftapp" */ = {
			isa = XCConfigurationList;
			buildConfigurations = (
				05EFBBA82F9A203400C201F8 /* Debug */,
				05EFBBA92F9A203400C201F8 /* Release */,
			);
			defaultConfigurationIsVisible = 0;
			defaultConfigurationName = Release;
		};
		05EFBBAA2F9A203400C201F8 /* Build configuration list for PBXNativeTarget "FormFeature" */ = {
			isa = XCConfigurationList;
			buildConfigurations = (
				05EFBBAB2F9A203400C201F8 /* Debug */,
				05EFBBAC2F9A203400C201F8 /* Release */,
			);
			defaultConfigurationIsVisible = 0;
			defaultConfigurationName = Release;
		};
		05EFBBAD2F9A203400C201F8 /* Build configuration list for PBXNativeTarget "swiftappTests" */ = {
			isa = XCConfigurationList;
			buildConfigurations = (
				05EFBBAE2F9A203400C201F8 /* Debug */,
				05EFBBAF2F9A203400C201F8 /* Release */,
			);
			defaultConfigurationIsVisible = 0;
			defaultConfigurationName = Release;
		};
		05EFBBB02F9A203400C201F8 /* Build configuration list for PBXNativeTarget "swiftappUITests" */ = {
			isa = XCConfigurationList;
			buildConfigurations = (
				05EFBBB12F9A203400C201F8 /* Debug */,
				05EFBBB22F9A203400C201F8 /* Release */,
			);
			defaultConfigurationIsVisible = 0;
			defaultConfigurationName = Release;
		};
		05EFBBC52F9A24EC00C201F8 /* Build configuration list for PBXNativeTarget "ListFeature" */ = {
			isa = XCConfigurationList;
			buildConfigurations = (
				05EFBBC62F9A24EC00C201F8 /* Debug */,
				05EFBBC72F9A24EC00C201F8 /* Release */,
			);
			defaultConfigurationIsVisible = 0;
			defaultConfigurationName = Release;
		};
/* End XCConfigurationList section */

/* Begin XCRemoteSwiftPackageReference section */
		058C69212F9D4AE1003ECA74 /* XCRemoteSwiftPackageReference "GRDB" */ = {
			isa = XCRemoteSwiftPackageReference;
			repositoryURL = "https://github.com/groue/GRDB.swift";
			requirement = {
				branch = master;
				kind = branch;
			};
		};
		05EFBC382F9A50EB00C201F8 /* XCRemoteSwiftPackageReference "Resolver" */ = {
			isa = XCRemoteSwiftPackageReference;
			repositoryURL = "https://github.com/hmlongco/Resolver";
			requirement = {
				kind = upToNextMajorVersion;
				minimumVersion = 1.5.1;
			};
		};
		05EFBC702F9A5E4000C201F8 /* XCRemoteSwiftPackageReference "Kingfisher" */ = {
			isa = XCRemoteSwiftPackageReference;
			repositoryURL = "https://github.com/onevcat/Kingfisher.git";
			requirement = {
				kind = upToNextMajorVersion;
				minimumVersion = 8.8.1;
			};
		};
/* End XCRemoteSwiftPackageReference section */

/* Begin XCSwiftPackageProductDependency section */
		058C69282F9D572F003ECA74 /* GRDB */ = {
			isa = XCSwiftPackageProductDependency;
			package = 058C69212F9D4AE1003ECA74 /* XCRemoteSwiftPackageReference "GRDB" */;
			productName = GRDB;
		};
		05EFBC6A2F9A5E0C00C201F8 /* Resolver */ = {
			isa = XCSwiftPackageProductDependency;
			package = 05EFBC382F9A50EB00C201F8 /* XCRemoteSwiftPackageReference "Resolver" */;
			productName = Resolver;
		};
		05EFBC6E2F9A5E2300C201F8 /* Resolver */ = {
			isa = XCSwiftPackageProductDependency;
			package = 05EFBC382F9A50EB00C201F8 /* XCRemoteSwiftPackageReference "Resolver" */;
			productName = Resolver;
		};
		05EFBC712F9A5E4800C201F8 /* Kingfisher */ = {
			isa = XCSwiftPackageProductDependency;
			package = 05EFBC702F9A5E4000C201F8 /* XCRemoteSwiftPackageReference "Kingfisher" */;
			productName = Kingfisher;
		};
/* End XCSwiftPackageProductDependency section */
	};
	rootObject = 05EFBB812F9A203200C201F8 /* Project object */;
}
